
Microsoft Visual Studio Solution File, Format Version 12.00
# Visual Studio 15
VisualStudioVersion = 15.0.28010.2003
MinimumVisualStudioVersion = 10.0.40219.1
Project("{FAE04EC0-301F-11D3-BF4B-00C04F79EFBC}") = "wtw", "wtw\wtw.csproj", "{7F46074C-E868-4DAE-8A44-C3531AC57D85}"
EndProject
Project("{FAE04EC0-301F-11D3-BF4B-00C04F79EFBC}") = "wtw.Tests", "wtw.Tests\wtw.Tests.csproj", "{215C2455-5C44-43E8-B3FC-79C676F8A5BE}"
EndProject
Global
	GlobalSection(SolutionConfigurationPlatforms) = preSolution
		Debug|Any CPU = Debug|Any CPU
		Release|Any CPU = Release|Any CPU
	EndGlobalSection
	GlobalSection(ProjectConfigurationPlatforms) = postSolution
		{7F46074C-E868-4DAE-8A44-C3531AC57D85}.Debug|Any CPU.ActiveCfg = Debug|Any CPU
		{7F46074C-E868-4DAE-8A44-C3531AC57D85}.Debug|Any CPU.Build.0 = Debug|Any CPU
		{7F46074C-E868-4DAE-8A44-C3531AC57D85}.Release|Any CPU.ActiveCfg = Release|Any CPU
		{7F46074C-E868-4DAE-8A44-C3531AC57D85}.Release|Any CPU.Build.0 = Release|Any CPU
		{215C2455-5C44-43E8-B3FC-79C676F8A5BE}.Debug|Any CPU.ActiveCfg = Debug|Any CPU
		{215C2455-5C44-43E8-B3FC-79C676F8A5BE}.Debug|Any CPU.Build.0 = Debug|Any CPU
		{215C2455-5C44-43E8-B3FC-79C676F8A5BE}.Release|Any CPU.ActiveCfg = Release|Any CPU
		{215C2455-5C44-43E8-B3FC-79C676F8A5BE}.Release|Any CPU.Build.0 = Release|Any CPU
	EndGlobalSection
	GlobalSection(SolutionProperties) = preSolution
		HideSolutionNode = FALSE
	EndGlobalSection
	GlobalSection(ExtensibilityGlobals) = postSolution
		SolutionGuid = {E194AD30-7D3C-4A65-9D1E-68180B2C6198}
	EndGlobalSection
EndGlobal
